
Microsoft Visual Studio Solution File, Format Version 12.00
# Visual Studio Version 16
VisualStudioVersion = 16.0.32602.291
MinimumVisualStudioVersion = 10.0.40219.1
Project("{FAE04EC0-301F-11D3-BF4B-00C04F79EFBC}") = "Word Search", "Word Search\Word Search.csproj", "{68EC58F5-6106-4165-AA77-5C42CC091D50}"
EndProject
Global
	GlobalSection(SolutionConfigurationPlatforms) = preSolution
		Debug|Any CPU = Debug|Any CPU
		Release|Any CPU = Release|Any CPU
	EndGlobalSection
	GlobalSection(ProjectConfigurationPlatforms) = postSolution
		{68EC58F5-6106-4165-AA77-5C42CC091D50}.Debug|Any CPU.ActiveCfg = Debug|Any CPU
		{68EC58F5-6106-4165-AA77-5C42CC091D50}.Debug|Any CPU.Build.0 = Debug|Any CPU
		{68EC58F5-6106-4165-AA77-5C42CC091D50}.Release|Any CPU.ActiveCfg = Release|Any CPU
		{68EC58F5-6106-4165-AA77-5C42CC091D50}.Release|Any CPU.Build.0 = Release|Any CPU
	EndGlobalSection
	GlobalSection(SolutionProperties) = preSolution
		HideSolutionNode = FALSE
	EndGlobalSection
	GlobalSection(ExtensibilityGlobals) = postSolution
		SolutionGuid = {D8DD0341-CB1C-4037-9213-51022E8BA25F}
	EndGlobalSection
EndGlobal
